
Microsoft Visual Studio Solution File, Format Version 12.00
# Visual Studio Version 17
VisualStudioVersion = 17.2.32526.322
MinimumVisualStudioVersion = 10.0.40219.1
Project("{FAE04EC0-301F-11D3-BF4B-00C04F79EFBC}") = "Exercicio02", "Exercicio02\Exercicio02.csproj", "{0FACEDFA-8208-4EC8-8955-D6257C77BCB9}"
EndProject
Project("{FAE04EC0-301F-11D3-BF4B-00C04F79EFBC}") = "Exercicio03", "Exercicio03\Exercicio03.csproj", "{0849EBC2-E13A-4F5E-953E-96B4E3D58537}"
EndProject
Global
	GlobalSection(SolutionConfigurationPlatforms) = preSolution
		Debug|Any CPU = Debug|Any CPU
		Release|Any CPU = Release|Any CPU
	EndGlobalSection
	GlobalSection(ProjectConfigurationPlatforms) = postSolution
		{0FACEDFA-8208-4EC8-8955-D6257C77BCB9}.Debug|Any CPU.ActiveCfg = Debug|Any CPU
		{0FACEDFA-8208-4EC8-8955-D6257C77BCB9}.Debug|Any CPU.Build.0 = Debug|Any CPU
		{0FACEDFA-8208-4EC8-8955-D6257C77BCB9}.Release|Any CPU.ActiveCfg = Release|Any CPU
		{0FACEDFA-8208-4EC8-8955-D6257C77BCB9}.Release|Any CPU.Build.0 = Release|Any CPU
		{0849EBC2-E13A-4F5E-953E-96B4E3D58537}.Debug|Any CPU.ActiveCfg = Debug|Any CPU
		{0849EBC2-E13A-4F5E-953E-96B4E3D58537}.Debug|Any CPU.Build.0 = Debug|Any CPU
		{0849EBC2-E13A-4F5E-953E-96B4E3D58537}.Release|Any CPU.ActiveCfg = Release|Any CPU
		{0849EBC2-E13A-4F5E-953E-96B4E3D58537}.Release|Any CPU.Build.0 = Release|Any CPU
	EndGlobalSection
	GlobalSection(SolutionProperties) = preSolution
		HideSolutionNode = FALSE
	EndGlobalSection
	GlobalSection(ExtensibilityGlobals) = postSolution
		SolutionGuid = {EF504DCE-8168-455B-9205-B0C6D2EC9D47}
	EndGlobalSection
EndGlobal
