
Microsoft Visual Studio Solution File, Format Version 12.00
# Visual Studio Version 17
VisualStudioVersion = 17.2.32526.322
MinimumVisualStudioVersion = 10.0.40219.1
Project("{9A19103F-16F7-4668-BE54-9A1E7A4F7556}") = "Exercicio01", "Exercicio01\Exercicio01.csproj", "{D618FDCC-8DB4-4279-8940-ABD7F13FD5C3}"
EndProject
Project("{9A19103F-16F7-4668-BE54-9A1E7A4F7556}") = "Exercicio02", "Exercicio02\Exercicio02.csproj", "{F7F82822-FDDD-4F6C-AA89-06BF463587F2}"
EndProject
Project("{9A19103F-16F7-4668-BE54-9A1E7A4F7556}") = "Exercicio03", "Exercicio03\Exercicio03.csproj", "{E0249DC0-3DC6-42C4-8806-1DE5E45537F8}"
EndProject
Project("{FAE04EC0-301F-11D3-BF4B-00C04F79EFBC}") = "Exercicio04", "Exercicio04\Exercicio04.csproj", "{285B5D59-D337-4387-B730-8B8B1FF61E02}"
EndProject
Project("{FAE04EC0-301F-11D3-BF4B-00C04F79EFBC}") = "Exercicio05", "Exercicio05\Exercicio05.csproj", "{461E1E88-5314-4F44-A21B-A52E7710EB7E}"
EndProject
Global
	GlobalSection(SolutionConfigurationPlatforms) = preSolution
		Debug|Any CPU = Debug|Any CPU
		Release|Any CPU = Release|Any CPU
	EndGlobalSection
	GlobalSection(ProjectConfigurationPlatforms) = postSolution
		{D618FDCC-8DB4-4279-8940-ABD7F13FD5C3}.Debug|Any CPU.ActiveCfg = Debug|Any CPU
		{D618FDCC-8DB4-4279-8940-ABD7F13FD5C3}.Debug|Any CPU.Build.0 = Debug|Any CPU
		{D618FDCC-8DB4-4279-8940-ABD7F13FD5C3}.Release|Any CPU.ActiveCfg = Release|Any CPU
		{D618FDCC-8DB4-4279-8940-ABD7F13FD5C3}.Release|Any CPU.Build.0 = Release|Any CPU
		{F7F82822-FDDD-4F6C-AA89-06BF463587F2}.Debug|Any CPU.ActiveCfg = Debug|Any CPU
		{F7F82822-FDDD-4F6C-AA89-06BF463587F2}.Debug|Any CPU.Build.0 = Debug|Any CPU
		{F7F82822-FDDD-4F6C-AA89-06BF463587F2}.Release|Any CPU.ActiveCfg = Release|Any CPU
		{F7F82822-FDDD-4F6C-AA89-06BF463587F2}.Release|Any CPU.Build.0 = Release|Any CPU
		{E0249DC0-3DC6-42C4-8806-1DE5E45537F8}.Debug|Any CPU.ActiveCfg = Debug|Any CPU
		{E0249DC0-3DC6-42C4-8806-1DE5E45537F8}.Debug|Any CPU.Build.0 = Debug|Any CPU
		{E0249DC0-3DC6-42C4-8806-1DE5E45537F8}.Release|Any CPU.ActiveCfg = Release|Any CPU
		{E0249DC0-3DC6-42C4-8806-1DE5E45537F8}.Release|Any CPU.Build.0 = Release|Any CPU
		{285B5D59-D337-4387-B730-8B8B1FF61E02}.Debug|Any CPU.ActiveCfg = Debug|Any CPU
		{285B5D59-D337-4387-B730-8B8B1FF61E02}.Debug|Any CPU.Build.0 = Debug|Any CPU
		{285B5D59-D337-4387-B730-8B8B1FF61E02}.Release|Any CPU.ActiveCfg = Release|Any CPU
		{285B5D59-D337-4387-B730-8B8B1FF61E02}.Release|Any CPU.Build.0 = Release|Any CPU
		{461E1E88-5314-4F44-A21B-A52E7710EB7E}.Debug|Any CPU.ActiveCfg = Debug|Any CPU
		{461E1E88-5314-4F44-A21B-A52E7710EB7E}.Debug|Any CPU.Build.0 = Debug|Any CPU
		{461E1E88-5314-4F44-A21B-A52E7710EB7E}.Release|Any CPU.ActiveCfg = Release|Any CPU
		{461E1E88-5314-4F44-A21B-A52E7710EB7E}.Release|Any CPU.Build.0 = Release|Any CPU
	EndGlobalSection
	GlobalSection(SolutionProperties) = preSolution
		HideSolutionNode = FALSE
	EndGlobalSection
	GlobalSection(ExtensibilityGlobals) = postSolution
		SolutionGuid = {4034E4B5-6B20-4129-B40E-06C03FA6C0E6}
	EndGlobalSection
EndGlobal
