
Microsoft Visual Studio Solution File, Format Version 12.00
# Visual Studio Version 17
VisualStudioVersion = 17.2.32526.322
MinimumVisualStudioVersion = 10.0.40219.1
Project("{FAE04EC0-301F-11D3-BF4B-00C04F79EFBC}") = "Aula02", "Aula02\Aula02.csproj", "{3F489DFC-6076-47AD-ABB6-59E6D7A31BD3}"
EndProject
Global
	GlobalSection(SolutionConfigurationPlatforms) = preSolution
		Debug|Any CPU = Debug|Any CPU
		Release|Any CPU = Release|Any CPU
	EndGlobalSection
	GlobalSection(ProjectConfigurationPlatforms) = postSolution
		{3F489DFC-6076-47AD-ABB6-59E6D7A31BD3}.Debug|Any CPU.ActiveCfg = Debug|Any CPU
		{3F489DFC-6076-47AD-ABB6-59E6D7A31BD3}.Debug|Any CPU.Build.0 = Debug|Any CPU
		{3F489DFC-6076-47AD-ABB6-59E6D7A31BD3}.Release|Any CPU.ActiveCfg = Release|Any CPU
		{3F489DFC-6076-47AD-ABB6-59E6D7A31BD3}.Release|Any CPU.Build.0 = Release|Any CPU
	EndGlobalSection
	GlobalSection(SolutionProperties) = preSolution
		HideSolutionNode = FALSE
	EndGlobalSection
	GlobalSection(ExtensibilityGlobals) = postSolution
		SolutionGuid = {F298F6F9-A7A4-49F4-9794-142699C7D06E}
	EndGlobalSection
EndGlobal
